PODS:
  - FBAEMKit (16.1.0):
    - FBSDKCoreKit_Basics (= 16.1.0)
  - FBSDKCoreKit (16.1.0):
    - FBAEMKit (= 16.1.0)
    - FBSDKCoreKit_Basics (= 16.1.0)
  - FBSDKCoreKit_Basics (16.1.0)

DEPENDENCIES:
  - FBSDKCoreKit

SPEC REPOS:
  trunk:
    - FBAEMKit
    - FBSDKCoreKit
    - FBSDKCoreKit_Basics

SPEC CHECKSUMS:
  FBAEMKit: c7efe06720a8b15b1d25b68921ba46dee20996e0
  FBSDKCoreKit: ca77d40d46786157b7b31ad3516f5ad9c2315339
  FBSDKCoreKit_Basics: d39c3361379def7297bf76738cdd4fd2e0eb1a68

PODFILE CHECKSUM: 38c986c0e62fee1eec51763ed967f173ad24e1bd

COCOAPODS: 1.12.0
